
Microsoft Visual Studio Solution File, Format Version 12.00
# Visual Studio Version 17
VisualStudioVersion = 17.14.36623.8 d17.14
MinimumVisualStudioVersion = 10.0.40219.1
Project("{FAE04EC0-301F-11D3-BF4B-00C04F79EFBC}") = "ItaiwanAPI", "ItaiwanAPI.csproj", "{8A0F6128-8B41-4863-AB19-DFBDD86AD247}"
EndProject
Global
	GlobalSection(SolutionConfigurationPlatforms) = preSolution
		Debug|Any CPU = Debug|Any CPU
		Release|Any CPU = Release|Any CPU
	EndGlobalSection
	GlobalSection(ProjectConfigurationPlatforms) = postSolution
		{8A0F6128-8B41-4863-AB19-DFBDD86AD247}.Debug|Any CPU.ActiveCfg = Debug|Any CPU
		{8A0F6128-8B41-4863-AB19-DFBDD86AD247}.Debug|Any CPU.Build.0 = Debug|Any CPU
		{8A0F6128-8B41-4863-AB19-DFBDD86AD247}.Release|Any CPU.ActiveCfg = Release|Any CPU
		{8A0F6128-8B41-4863-AB19-DFBDD86AD247}.Release|Any CPU.Build.0 = Release|Any CPU
	EndGlobalSection
	GlobalSection(SolutionProperties) = preSolution
		HideSolutionNode = FALSE
	EndGlobalSection
	GlobalSection(ExtensibilityGlobals) = postSolution
		SolutionGuid = {91CA46E3-B2DF-4DF4-BC61-41AE61975771}
	EndGlobalSection
EndGlobal
